
Microsoft Visual Studio Solution File, Format Version 12.00
# Visual Studio Version 16
VisualStudioVersion = 16.0.29403.142
MinimumVisualStudioVersion = 10.0.40219.1
Project("{2150E333-8FDC-42A3-9474-1A3956D46DE8}") = "ids", "ids", "{42B797BE-6F44-41DA-AEBC-4730860C070A}"
EndProject
Project("{FAE04EC0-301F-11D3-BF4B-00C04F79EFBC}") = "IDS.API", "src\IDS.API\IDS.API.csproj", "{BBE0E055-C800-47FA-8548-F8F4A3C5AB84}"
EndProject
Project("{2150E333-8FDC-42A3-9474-1A3956D46DE8}") = "gateway", "gateway", "{12579C13-ABA6-4A6A-8FCE-10E7AA376935}"
EndProject
Project("{9A19103F-16F7-4668-BE54-9A1E7A4F7556}") = "IDS.Domain", "src\IDS.Domain\IDS.Domain.csproj", "{93275013-4661-4BC7-8745-6CD6D1E0BB0F}"
EndProject
Project("{9A19103F-16F7-4668-BE54-9A1E7A4F7556}") = "Gateway.API", "src\Gateway.API\Gateway.API.csproj", "{15220B72-932D-450C-B261-5C5E93F12134}"
EndProject
Project("{FAE04EC0-301F-11D3-BF4B-00C04F79EFBC}") = "IDS.Infrastructure", "src\IDS.Infrastructure\IDS.Infrastructure.csproj", "{A9E8978C-204B-47BF-9772-AA651E3D00E2}"
EndProject
Project("{2150E333-8FDC-42A3-9474-1A3956D46DE8}") = "oss", "oss", "{58D83BA3-9831-42FB-A3C9-C5C807ADA8EF}"
EndProject
Project("{FAE04EC0-301F-11D3-BF4B-00C04F79EFBC}") = "OSS.Domain", "src\OSS.Domain\OSS.Domain.csproj", "{828231CC-4A1B-4CC6-9DC0-E40F1FA41D1D}"
EndProject
Project("{FAE04EC0-301F-11D3-BF4B-00C04F79EFBC}") = "OSS.Infrastructure", "src\OSS.Infrastructure\OSS.Infrastructure.csproj", "{CFE76EA0-F1CC-455D-B210-330E8AF9BBB1}"
EndProject
Project("{FAE04EC0-301F-11D3-BF4B-00C04F79EFBC}") = "OSS.API", "src\OSS.API\OSS.API.csproj", "{1FF2FFCE-1F39-4051-B099-0790B8043736}"
EndProject
Project("{2150E333-8FDC-42A3-9474-1A3956D46DE8}") = "base", "base", "{E09D1E06-3110-4B80-BA32-F1C01A738F94}"
EndProject
Project("{FAE04EC0-301F-11D3-BF4B-00C04F79EFBC}") = "Base.Domain", "src\Base.Domain\Base.Domain.csproj", "{FD8DEC17-6D9B-4145-9FA9-336C562C47C9}"
EndProject
Project("{FAE04EC0-301F-11D3-BF4B-00C04F79EFBC}") = "Base.Infrastructure", "src\Base.Infrastructure\Base.Infrastructure.csproj", "{5265083B-52FA-4BCD-9C9A-4BF8D3E5A187}"
EndProject
Global
	GlobalSection(SolutionConfigurationPlatforms) = preSolution
		Debug|Any CPU = Debug|Any CPU
		Release|Any CPU = Release|Any CPU
	EndGlobalSection
	GlobalSection(ProjectConfigurationPlatforms) = postSolution
		{BBE0E055-C800-47FA-8548-F8F4A3C5AB84}.Debug|Any CPU.ActiveCfg = Debug|Any CPU
		{BBE0E055-C800-47FA-8548-F8F4A3C5AB84}.Debug|Any CPU.Build.0 = Debug|Any CPU
		{BBE0E055-C800-47FA-8548-F8F4A3C5AB84}.Release|Any CPU.ActiveCfg = Release|Any CPU
		{BBE0E055-C800-47FA-8548-F8F4A3C5AB84}.Release|Any CPU.Build.0 = Release|Any CPU
		{93275013-4661-4BC7-8745-6CD6D1E0BB0F}.Debug|Any CPU.ActiveCfg = Debug|Any CPU
		{93275013-4661-4BC7-8745-6CD6D1E0BB0F}.Debug|Any CPU.Build.0 = Debug|Any CPU
		{93275013-4661-4BC7-8745-6CD6D1E0BB0F}.Release|Any CPU.ActiveCfg = Release|Any CPU
		{93275013-4661-4BC7-8745-6CD6D1E0BB0F}.Release|Any CPU.Build.0 = Release|Any CPU
		{15220B72-932D-450C-B261-5C5E93F12134}.Debug|Any CPU.ActiveCfg = Debug|Any CPU
		{15220B72-932D-450C-B261-5C5E93F12134}.Debug|Any CPU.Build.0 = Debug|Any CPU
		{15220B72-932D-450C-B261-5C5E93F12134}.Release|Any CPU.ActiveCfg = Release|Any CPU
		{15220B72-932D-450C-B261-5C5E93F12134}.Release|Any CPU.Build.0 = Release|Any CPU
		{A9E8978C-204B-47BF-9772-AA651E3D00E2}.Debug|Any CPU.ActiveCfg = Debug|Any CPU
		{A9E8978C-204B-47BF-9772-AA651E3D00E2}.Debug|Any CPU.Build.0 = Debug|Any CPU
		{A9E8978C-204B-47BF-9772-AA651E3D00E2}.Release|Any CPU.ActiveCfg = Release|Any CPU
		{A9E8978C-204B-47BF-9772-AA651E3D00E2}.Release|Any CPU.Build.0 = Release|Any CPU
		{828231CC-4A1B-4CC6-9DC0-E40F1FA41D1D}.Debug|Any CPU.ActiveCfg = Debug|Any CPU
		{828231CC-4A1B-4CC6-9DC0-E40F1FA41D1D}.Debug|Any CPU.Build.0 = Debug|Any CPU
		{828231CC-4A1B-4CC6-9DC0-E40F1FA41D1D}.Release|Any CPU.ActiveCfg = Release|Any CPU
		{828231CC-4A1B-4CC6-9DC0-E40F1FA41D1D}.Release|Any CPU.Build.0 = Release|Any CPU
		{CFE76EA0-F1CC-455D-B210-330E8AF9BBB1}.Debug|Any CPU.ActiveCfg = Debug|Any CPU
		{CFE76EA0-F1CC-455D-B210-330E8AF9BBB1}.Debug|Any CPU.Build.0 = Debug|Any CPU
		{CFE76EA0-F1CC-455D-B210-330E8AF9BBB1}.Release|Any CPU.ActiveCfg = Release|Any CPU
		{CFE76EA0-F1CC-455D-B210-330E8AF9BBB1}.Release|Any CPU.Build.0 = Release|Any CPU
		{1FF2FFCE-1F39-4051-B099-0790B8043736}.Debug|Any CPU.ActiveCfg = Debug|Any CPU
		{1FF2FFCE-1F39-4051-B099-0790B8043736}.Debug|Any CPU.Build.0 = Debug|Any CPU
		{1FF2FFCE-1F39-4051-B099-0790B8043736}.Release|Any CPU.ActiveCfg = Release|Any CPU
		{1FF2FFCE-1F39-4051-B099-0790B8043736}.Release|Any CPU.Build.0 = Release|Any CPU
		{FD8DEC17-6D9B-4145-9FA9-336C562C47C9}.Debug|Any CPU.ActiveCfg = Debug|Any CPU
		{FD8DEC17-6D9B-4145-9FA9-336C562C47C9}.Debug|Any CPU.Build.0 = Debug|Any CPU
		{FD8DEC17-6D9B-4145-9FA9-336C562C47C9}.Release|Any CPU.ActiveCfg = Release|Any CPU
		{FD8DEC17-6D9B-4145-9FA9-336C562C47C9}.Release|Any CPU.Build.0 = Release|Any CPU
		{5265083B-52FA-4BCD-9C9A-4BF8D3E5A187}.Debug|Any CPU.ActiveCfg = Debug|Any CPU
		{5265083B-52FA-4BCD-9C9A-4BF8D3E5A187}.Debug|Any CPU.Build.0 = Debug|Any CPU
		{5265083B-52FA-4BCD-9C9A-4BF8D3E5A187}.Release|Any CPU.ActiveCfg = Release|Any CPU
		{5265083B-52FA-4BCD-9C9A-4BF8D3E5A187}.Release|Any CPU.Build.0 = Release|Any CPU
	EndGlobalSection
	GlobalSection(SolutionProperties) = preSolution
		HideSolutionNode = FALSE
	EndGlobalSection
	GlobalSection(NestedProjects) = preSolution
		{BBE0E055-C800-47FA-8548-F8F4A3C5AB84} = {42B797BE-6F44-41DA-AEBC-4730860C070A}
		{93275013-4661-4BC7-8745-6CD6D1E0BB0F} = {42B797BE-6F44-41DA-AEBC-4730860C070A}
		{15220B72-932D-450C-B261-5C5E93F12134} = {12579C13-ABA6-4A6A-8FCE-10E7AA376935}
		{A9E8978C-204B-47BF-9772-AA651E3D00E2} = {42B797BE-6F44-41DA-AEBC-4730860C070A}
		{828231CC-4A1B-4CC6-9DC0-E40F1FA41D1D} = {58D83BA3-9831-42FB-A3C9-C5C807ADA8EF}
		{CFE76EA0-F1CC-455D-B210-330E8AF9BBB1} = {58D83BA3-9831-42FB-A3C9-C5C807ADA8EF}
		{1FF2FFCE-1F39-4051-B099-0790B8043736} = {58D83BA3-9831-42FB-A3C9-C5C807ADA8EF}
		{FD8DEC17-6D9B-4145-9FA9-336C562C47C9} = {E09D1E06-3110-4B80-BA32-F1C01A738F94}
		{5265083B-52FA-4BCD-9C9A-4BF8D3E5A187} = {E09D1E06-3110-4B80-BA32-F1C01A738F94}
	EndGlobalSection
	GlobalSection(ExtensibilityGlobals) = postSolution
		SolutionGuid = {3C27667B-0048-4FFA-8B74-CAC5A5DE8AE1}
	EndGlobalSection
EndGlobal
